
Microsoft Visual Studio Solution File, Format Version 12.00
# Visual Studio Version 16
VisualStudioVersion = 16.0.30114.105
MinimumVisualStudioVersion = 10.0.40219.1
Project("{2150E333-8FDC-42A3-9474-1A3956D46DE8}") = "FrontEnd", "FrontEnd", "{009B46CC-58CE-437D-B33E-1026513B93C9}"
EndProject
Project("{2150E333-8FDC-42A3-9474-1A3956D46DE8}") = "Services", "Services", "{5F15FE76-DF77-4E51-AC79-F6FAAC40ACE9}"
EndProject
Project("{9A19103F-16F7-4668-BE54-9A1E7A4F7556}") = "GeekShopping.ProductAPI", "GeekShopping.ProductAPI\GeekShopping.ProductAPI.csproj", "{6FE60FB7-B290-453A-9C85-08408E07D3EE}"
EndProject
Global
	GlobalSection(SolutionConfigurationPlatforms) = preSolution
		Debug|Any CPU = Debug|Any CPU
		Release|Any CPU = Release|Any CPU
	EndGlobalSection
	GlobalSection(ProjectConfigurationPlatforms) = postSolution
		{6FE60FB7-B290-453A-9C85-08408E07D3EE}.Debug|Any CPU.ActiveCfg = Debug|Any CPU
		{6FE60FB7-B290-453A-9C85-08408E07D3EE}.Debug|Any CPU.Build.0 = Debug|Any CPU
		{6FE60FB7-B290-453A-9C85-08408E07D3EE}.Release|Any CPU.ActiveCfg = Release|Any CPU
		{6FE60FB7-B290-453A-9C85-08408E07D3EE}.Release|Any CPU.Build.0 = Release|Any CPU
	EndGlobalSection
	GlobalSection(SolutionProperties) = preSolution
		HideSolutionNode = FALSE
	EndGlobalSection
	GlobalSection(NestedProjects) = preSolution
		{6FE60FB7-B290-453A-9C85-08408E07D3EE} = {5F15FE76-DF77-4E51-AC79-F6FAAC40ACE9}
	EndGlobalSection
	GlobalSection(ExtensibilityGlobals) = postSolution
		SolutionGuid = {D19E7C5C-7F0F-4159-AE4E-2684A81F985F}
	EndGlobalSection
EndGlobal
